
Microsoft Visual Studio Solution File, Format Version 12.00
# Visual Studio Version 17
VisualStudioVersion = 17.9.34723.18
MinimumVisualStudioVersion = 10.0.40219.1
Project("{FAE04EC0-301F-11D3-BF4B-00C04F79EFBC}") = "eCommerce", "eCommerce\eCommerce.csproj", "{E518F0B5-1A2B-42B5-A836-92640934DF0D}"
EndProject
Global
	GlobalSection(SolutionConfigurationPlatforms) = preSolution
		Debug|Any CPU = Debug|Any CPU
		Release|Any CPU = Release|Any CPU
	EndGlobalSection
	GlobalSection(ProjectConfigurationPlatforms) = postSolution
		{E518F0B5-1A2B-42B5-A836-92640934DF0D}.Debug|Any CPU.ActiveCfg = Debug|Any CPU
		{E518F0B5-1A2B-42B5-A836-92640934DF0D}.Debug|Any CPU.Build.0 = Debug|Any CPU
		{E518F0B5-1A2B-42B5-A836-92640934DF0D}.Release|Any CPU.ActiveCfg = Release|Any CPU
		{E518F0B5-1A2B-42B5-A836-92640934DF0D}.Release|Any CPU.Build.0 = Release|Any CPU
	EndGlobalSection
	GlobalSection(SolutionProperties) = preSolution
		HideSolutionNode = FALSE
	EndGlobalSection
	GlobalSection(ExtensibilityGlobals) = postSolution
		SolutionGuid = {E70B12D5-740A-4173-B30F-C8311E9F7208}
	EndGlobalSection
EndGlobal
